// !$*UTF8*$!
{
	archiveVersion = 1;
	classes = {
	};
	objectVersion = 56;
	objects = {

/* Begin PBXBuildFile section */
		C85DAB9C29D363640090EA17 /* AppDelegate.swift in Sources */ = {isa = PBXBuildFile; fileRef = C85DAB9B29D363640090EA17 /* AppDelegate.swift */; };
		C85DAB9E29D363640090EA17 /* SceneDelegate.swift in Sources */ = {isa = PBXBuildFile; fileRef = C85DAB9D29D363640090EA17 /* SceneDelegate.swift */; };
		C85DABA029D363640090EA17 /* ViewController.swift in Sources */ = {isa = PBXBuildFile; fileRef = C85DAB9F29D363640090EA17 /* ViewController.swift */; };
		C85DABA629D363640090EA17 /* Model.xcdatamodeld in Sources */ = {isa = PBXBuildFile; fileRef = C85DABA429D363640090EA17 /* Model.xcdatamodeld */; };
		C85DABA829D363650090EA17 /* Assets.xcassets in Resources */ = {isa = PBXBuildFile; fileRef = C85DABA729D363650090EA17 /* Assets.xcassets */; };
		C85DABAB29D363650090EA17 /* LaunchScreen.storyboard in Resources */ = {isa = PBXBuildFile; fileRef = C85DABA929D363650090EA17 /* LaunchScreen.storyboard */; };
		C8ECB7E229D395AD003F8D3B /* UserDefaultsExample.swift in Sources */ = {isa = PBXBuildFile; fileRef = C8ECB7E129D395AD003F8D3B /* UserDefaultsExample.swift */; };
		C8ECB7E429D39626003F8D3B /* KeychainExample.swift in Sources */ = {isa = PBXBuildFile; fileRef = C8ECB7E329D39626003F8D3B /* KeychainExample.swift */; };
		C8ECB7E629D39652003F8D3B /* FileSystemExample.swift in Sources */ = {isa = PBXBuildFile; fileRef = C8ECB7E529D39652003F8D3B /* FileSystemExample.swift */; };
		C8ECB7E829D39667003F8D3B /* PropertyListExample.swift in Sources */ = {isa = PBXBuildFile; fileRef = C8ECB7E729D39667003F8D3B /* PropertyListExample.swift */; };
		C8ECB7EA29D39676003F8D3B /* CoreDataExample.swift in Sources */ = {isa = PBXBuildFile; fileRef = C8ECB7E929D39676003F8D3B /* CoreDataExample.swift */; };
/* End PBXBuildFile section */

/* Begin PBXFileReference section */
		C85DAB9829D363640090EA17 /* Persistence.app */ = {isa = PBXFileReference; explicitFileType = wrapper.application; includeInIndex = 0; path = Persistence.app; sourceTree = BUILT_PRODUCTS_DIR; };
		C85DAB9B29D363640090EA17 /* AppDelegate.swift */ = {isa = PBXFileReference; lastKnownFileType = sourcecode.swift; path = AppDelegate.swift; sourceTree = "<group>"; };
		C85DAB9D29D363640090EA17 /* SceneDelegate.swift */ = {isa = PBXFileReference; lastKnownFileType = sourcecode.swift; path = SceneDelegate.swift; sourceTree = "<group>"; };
		C85DAB9F29D363640090EA17 /* ViewController.swift */ = {isa = PBXFileReference; lastKnownFileType = sourcecode.swift; path = ViewController.swift; sourceTree = "<group>"; };
		C85DABA529D363640090EA17 /* Persistence.xcdatamodel */ = {isa = PBXFileReference; lastKnownFileType = wrapper.xcdatamodel; path = Persistence.xcdatamodel; sourceTree = "<group>"; };
		C85DABA729D363650090EA17 /* Assets.xcassets */ = {isa = PBXFileReference; lastKnownFileType = folder.assetcatalog; path = Assets.xcassets; sourceTree = "<group>"; };
		C85DABAA29D363650090EA17 /* Base */ = {isa = PBXFileReference; lastKnownFileType = file.storyboard; name = Base; path = Base.lproj/LaunchScreen.storyboard; sourceTree = "<group>"; };
		C85DABAC29D363650090EA17 /* Info.plist */ = {isa = PBXFileReference; lastKnownFileType = text.plist.xml; path = Info.plist; sourceTree = "<group>"; };
		C8ECB7E129D395AD003F8D3B /* UserDefaultsExample.swift */ = {isa = PBXFileReference; lastKnownFileType = sourcecode.swift; path = UserDefaultsExample.swift; sourceTree = "<group>"; };
		C8ECB7E329D39626003F8D3B /* KeychainExample.swift */ = {isa = PBXFileReference; lastKnownFileType = sourcecode.swift; path = KeychainExample.swift; sourceTree = "<group>"; };
		C8ECB7E529D39652003F8D3B /* FileSystemExample.swift */ = {isa = PBXFileReference; lastKnownFileType = sourcecode.swift; path = FileSystemExample.swift; sourceTree = "<group>"; };
		C8ECB7E729D39667003F8D3B /* PropertyListExample.swift */ = {isa = PBXFileReference; lastKnownFileType = sourcecode.swift; path = PropertyListExample.swift; sourceTree = "<group>"; };
		C8ECB7E929D39676003F8D3B /* CoreDataExample.swift */ = {isa = PBXFileReference; lastKnownFileType = sourcecode.swift; path = CoreDataExample.swift; sourceTree = "<group>"; };
/* End PBXFileReference section */

/* Begin PBXFrameworksBuildPhase section */
		C85DAB9529D363640090EA17 /* Frameworks */ = {
			isa = PBXFrameworksBuildPhase;
			buildActionMask = 2147483647;
			files = (
			);
			runOnlyForDeploymentPostprocessing = 0;
		};
/* End PBXFrameworksBuildPhase section */

/* Begin PBXGroup section */
		C85DAB8F29D363640090EA17 = {
			isa = PBXGroup;
			children = (
				C85DAB9A29D363640090EA17 /* Persistence */,
				C85DAB9929D363640090EA17 /* Products */,
			);
			sourceTree = "<group>";
		};
		C85DAB9929D363640090EA17 /* Products */ = {
			isa = PBXGroup;
			children = (
				C85DAB9829D363640090EA17 /* Persistence.app */,
			);
			name = Products;
			sourceTree = "<group>";
		};
		C85DAB9A29D363640090EA17 /* Persistence */ = {
			isa = PBXGroup;
			children = (
				C85DAB9B29D363640090EA17 /* AppDelegate.swift */,
				C85DAB9D29D363640090EA17 /* SceneDelegate.swift */,
				C85DAB9F29D363640090EA17 /* ViewController.swift */,
				C8ECB7E129D395AD003F8D3B /* UserDefaultsExample.swift */,
				C8ECB7E329D39626003F8D3B /* KeychainExample.swift */,
				C8ECB7E529D39652003F8D3B /* FileSystemExample.swift */,
				C8ECB7E729D39667003F8D3B /* PropertyListExample.swift */,
				C8ECB7E929D39676003F8D3B /* CoreDataExample.swift */,
				C85DABA729D363650090EA17 /* Assets.xcassets */,
				C85DABA929D363650090EA17 /* LaunchScreen.storyboard */,
				C85DABAC29D363650090EA17 /* Info.plist */,
				C85DABA429D363640090EA17 /* Model.xcdatamodeld */,
			);
			path = Persistence;
			sourceTree = "<group>";
		};
/* End PBXGroup section */

/* Begin PBXNativeTarget section */
		C85DAB9729D363640090EA17 /* Persistence */ = {
			isa = PBXNativeTarget;
			buildConfigurationList = C85DABAF29D363650090EA17 /* Build configuration list for PBXNativeTarget "Persistence" */;
			buildPhases = (
				C85DAB9429D363640090EA17 /* Sources */,
				C85DAB9529D363640090EA17 /* Frameworks */,
				C85DAB9629D363640090EA17 /* Resources */,
			);
			buildRules = (
			);
			dependencies = (
			);
			name = Persistence;
			productName = Persistence;
			productReference = C85DAB9829D363640090EA17 /* Persistence.app */;
			productType = "com.apple.product-type.application";
		};
/* End PBXNativeTarget section */

/* Begin PBXProject section */
		C85DAB9029D363640090EA17 /* Project object */ = {
			isa = PBXProject;
			attributes = {
				BuildIndependentTargetsInParallel = 1;
				LastSwiftUpdateCheck = 1420;
				LastUpgradeCheck = 1420;
				TargetAttributes = {
					C85DAB9729D363640090EA17 = {
						CreatedOnToolsVersion = 14.2;
					};
				};
			};
			buildConfigurationList = C85DAB9329D363640090EA17 /* Build configuration list for PBXProject "Persistence" */;
			compatibilityVersion = "Xcode 14.0";
			developmentRegion = en;
			hasScannedForEncodings = 0;
			knownRegions = (
				en,
				Base,
			);
			mainGroup = C85DAB8F29D363640090EA17;
			productRefGroup = C85DAB9929D363640090EA17 /* Products */;
			projectDirPath = "";
			projectRoot = "";
			targets = (
				C85DAB9729D363640090EA17 /* Persistence */,
			);
		};
/* End PBXProject section */

/* Begin PBXResourcesBuildPhase section */
		C85DAB9629D363640090EA17 /* Resources */ = {
			isa = PBXResourcesBuildPhase;
			buildActionMask = 2147483647;
			files = (
				C85DABAB29D363650090EA17 /* LaunchScreen.storyboard in Resources */,
				C85DABA829D363650090EA17 /* Assets.xcassets in Resources */,
			);
			runOnlyForDeploymentPostprocessing = 0;
		};
/* End PBXResourcesBuildPhase section */

/* Begin PBXSourcesBuildPhase section */
		C85DAB9429D363640090EA17 /* Sources */ = {
			isa = PBXSourcesBuildPhase;
			buildActionMask = 2147483647;
			files = (
				C8ECB7E429D39626003F8D3B /* KeychainExample.swift in Sources */,
				C8ECB7E829D39667003F8D3B /* PropertyListExample.swift in Sources */,
				C85DABA029D363640090EA17 /* ViewController.swift in Sources */,
				C8ECB7E229D395AD003F8D3B /* UserDefaultsExample.swift in Sources */,
				C8ECB7E629D39652003F8D3B /* FileSystemExample.swift in Sources */,
				C85DABA629D363640090EA17 /* Model.xcdatamodeld in Sources */,
				C85DAB9C29D363640090EA17 /* AppDelegate.swift in Sources */,
				C85DAB9E29D363640090EA17 /* SceneDelegate.swift in Sources */,
				C8ECB7EA29D39676003F8D3B /* CoreDataExample.swift in Sources */,
			);
			runOnlyForDeploymentPostprocessing = 0;
		};
/* End PBXSourcesBuildPhase section */

/* Begin PBXVariantGroup section */
		C85DABA929D363650090EA17 /* LaunchScreen.storyboard */ = {
			isa = PBXVariantGroup;
			children = (
				C85DABAA29D363650090EA17 /* Base */,
			);
			name = LaunchScreen.storyboard;
			sourceTree = "<group>";
		};
/* End PBXVariantGroup section */

/* Begin XCBuildConfiguration section */
		C85DABAD29D363650090EA17 /* Debug */ = {
			isa = XCBuildConfiguration;
			buildSettings = {
				ALWAYS_SEARCH_USER_PATHS = NO;
				CLANG_ANALYZER_NONNULL = YES;
				CLANG_ANALYZER_NUMBER_OBJECT_CONVERSION = YES_AGGRESSIVE;
				CLANG_CXX_LANGUAGE_STANDARD = "gnu++20";
				CLANG_ENABLE_MODULES = YES;
				CLANG_ENABLE_OBJC_ARC = YES;
				CLANG_ENABLE_OBJC_WEAK = YES;
				CLANG_WARN_BLOCK_CAPTURE_AUTORELEASING = YES;
				CLANG_WARN_BOOL_CONVERSION = YES;
				CLANG_WARN_COMMA = YES;
				CLANG_WARN_CONSTANT_CONVERSION = YES;
				CLANG_WARN_DEPRECATED_OBJC_IMPLEMENTATIONS = YES;
				CLANG_WARN_DIRECT_OBJC_ISA_USAGE = YES_ERROR;
				CLANG_WARN_DOCUMENTATION_COMMENTS = YES;
				CLANG_WARN_EMPTY_BODY = YES;
				CLANG_WARN_ENUM_CONVERSION = YES;
				CLANG_WARN_INFINITE_RECURSION = YES;
				CLANG_WARN_INT_CONVERSION = YES;
				CLANG_WARN_NON_LITERAL_NULL_CONVERSION = YES;
				CLANG_WARN_OBJC_IMPLICIT_RETAIN_SELF = YES;
				CLANG_WARN_OBJC_LITERAL_CONVERSION = YES;
				CLANG_WARN_OBJC_ROOT_CLASS = YES_ERROR;
				CLANG_WARN_QUOTED_INCLUDE_IN_FRAMEWORK_HEADER = YES;
				CLANG_WARN_RANGE_LOOP_ANALYSIS = YES;
				CLANG_WARN_STRICT_PROTOTYPES = YES;
				CLANG_WARN_SUSPICIOUS_MOVE = YES;
				CLANG_WARN_UNGUARDED_AVAILABILITY = YES_AGGRESSIVE;
				CLANG_WARN_UNREACHABLE_CODE = YES;
				CLANG_WARN__DUPLICATE_METHOD_MATCH = YES;
				COPY_PHASE_STRIP = NO;
				DEBUG_INFORMATION_FORMAT = dwarf;
				ENABLE_STRICT_OBJC_MSGSEND = YES;
				ENABLE_TESTABILITY = YES;
				GCC_C_LANGUAGE_STANDARD = gnu11;
				GCC_DYNAMIC_NO_PIC = NO;
				GCC_NO_COMMON_BLOCKS = YES;
				GCC_OPTIMIZATION_LEVEL = 0;
				GCC_PREPROCESSOR_DEFINITIONS = (
					"DEBUG=1",
					"$(inherited)",
				);
				GCC_WARN_64_TO_32_BIT_CONVERSION = YES;
				GCC_WARN_ABOUT_RETURN_TYPE = YES_ERROR;
				GCC_WARN_UNDECLARED_SELECTOR = YES;
				GCC_WARN_UNINITIALIZED_AUTOS = YES_AGGRESSIVE;
				GCC_WARN_UNUSED_FUNCTION = YES;
				GCC_WARN_UNUSED_VARIABLE = YES;
				IPHONEOS_DEPLOYMENT_TARGET = 16.1;
				MTL_ENABLE_DEBUG_INFO = INCLUDE_SOURCE;
				MTL_FAST_MATH = YES;
				ONLY_ACTIVE_ARCH = YES;
				SDKROOT = iphoneos;
				SWIFT_ACTIVE_COMPILATION_CONDITIONS = DEBUG;
				SWIFT_OPTIMIZATION_LEVEL = "-Onone";
			};
			name = Debug;
		};
		C85DABAE29D363650090EA17 /* Release */ = {
			isa = XCBuildConfiguration;
			buildSettings = {
				ALWAYS_SEARCH_USER_PATHS = NO;
				CLANG_ANALYZER_NONNULL = YES;
				CLANG_ANALYZER_NUMBER_OBJECT_CONVERSION = YES_AGGRESSIVE;
				CLANG_CXX_LANGUAGE_STANDARD = "gnu++20";
				CLANG_ENABLE_MODULES = YES;
				CLANG_ENABLE_OBJC_ARC = YES;
				CLANG_ENABLE_OBJC_WEAK = YES;
				CLANG_WARN_BLOCK_CAPTURE_AUTORELEASING = YES;
				CLANG_WARN_BOOL_CONVERSION = YES;
				CLANG_WARN_COMMA = YES;
				CLANG_WARN_CONSTANT_CONVERSION = YES;
				CLANG_WARN_DEPRECATED_OBJC_IMPLEMENTATIONS = YES;
				CLANG_WARN_DIRECT_OBJC_ISA_USAGE = YES_ERROR;
				CLANG_WARN_DOCUMENTATION_COMMENTS = YES;
				CLANG_WARN_EMPTY_BODY = YES;
				CLANG_WARN_ENUM_CONVERSION = YES;
				CLANG_WARN_INFINITE_RECURSION = YES;
				CLANG_WARN_INT_CONVERSION = YES;
				CLANG_WARN_NON_LITERAL_NULL_CONVERSION = YES;
				CLANG_WARN_OBJC_IMPLICIT_RETAIN_SELF = YES;
				CLANG_WARN_OBJC_LITERAL_CONVERSION = YES;
				CLANG_WARN_OBJC_ROOT_CLASS = YES_ERROR;
				CLANG_WARN_QUOTED_INCLUDE_IN_FRAMEWORK_HEADER = YES;
				CLANG_WARN_RANGE_LOOP_ANALYSIS = YES;
				CLANG_WARN_STRICT_PROTOTYPES = YES;
				CLANG_WARN_SUSPICIOUS_MOVE = YES;
				CLANG_WARN_UNGUARDED_AVAILABILITY = YES_AGGRESSIVE;
				CLANG_WARN_UNREACHABLE_CODE = YES;
				CLANG_WARN__DUPLICATE_METHOD_MATCH = YES;
				COPY_PHASE_STRIP = NO;
				DEBUG_INFORMATION_FORMAT = "dwarf-with-dsym";
				ENABLE_NS_ASSERTIONS = NO;
				ENABLE_STRICT_OBJC_MSGSEND = YES;
				GCC_C_LANGUAGE_STANDARD = gnu11;
				GCC_NO_COMMON_BLOCKS = YES;
				GCC_WARN_64_TO_32_BIT_CONVERSION = YES;
				GCC_WARN_ABOUT_RETURN_TYPE = YES_ERROR;
				GCC_WARN_UNDECLARED_SELECTOR = YES;
				GCC_WARN_UNINITIALIZED_AUTOS = YES_AGGRESSIVE;
				GCC_WARN_UNUSED_FUNCTION = YES;
				GCC_WARN_UNUSED_VARIABLE = YES;
				IPHONEOS_DEPLOYMENT_TARGET = 16.1;
				MTL_ENABLE_DEBUG_INFO = NO;
				MTL_FAST_MATH = YES;
				SDKROOT = iphoneos;
				SWIFT_COMPILATION_MODE = wholemodule;
				SWIFT_OPTIMIZATION_LEVEL = "-O";
				VALIDATE_PRODUCT = YES;
			};
			name = Release;
		};
		C85DABB029D363650090EA17 /* Debug */ = {
			isa = XCBuildConfiguration;
			buildSettings = {
				ASSETCATALOG_COMPILER_APPICON_NAME = AppIcon;
				ASSETCATALOG_COMPILER_GLOBAL_ACCENT_COLOR_NAME = AccentColor;
				CODE_SIGN_STYLE = Automatic;
				CURRENT_PROJECT_VERSION = 1;
				DEVELOPMENT_TEAM = N8Q2RB8T9J;
				GENERATE_INFOPLIST_FILE = YES;
				INFOPLIST_FILE = Persistence/Info.plist;
				INFOPLIST_KEY_UIApplicationSupportsIndirectInputEvents = YES;
				INFOPLIST_KEY_UILaunchStoryboardName = LaunchScreen;
				INFOPLIST_KEY_UISupportedInterfaceOrientations_iPad = "UIInterfaceOrientationPortrait UIInterfaceOrientationPortraitUpsideDown UIInterfaceOrientationLandscapeLeft UIInterfaceOrientationLandscapeRight";
				INFOPLIST_KEY_UISupportedInterfaceOrientations_iPhone = "UIInterfaceOrientationPortrait UIInterfaceOrientationLandscapeLeft UIInterfaceOrientationLandscapeRight";
				LD_RUNPATH_SEARCH_PATHS = (
					"$(inherited)",
					"@executable_path/Frameworks",
				);
				MARKETING_VERSION = 1.0;
				PRODUCT_BUNDLE_IDENTIFIER = com.readeplunkett.Persistence;
				PRODUCT_NAME = "$(TARGET_NAME)";
				SWIFT_EMIT_LOC_STRINGS = YES;
				SWIFT_VERSION = 5.0;
				TARGETED_DEVICE_FAMILY = "1,2";
			};
			name = Debug;
		};
		C85DABB129D363650090EA17 /* Release */ = {
			isa = XCBuildConfiguration;
			buildSettings = {
				ASSETCATALOG_COMPILER_APPICON_NAME = AppIcon;
				ASSETCATALOG_COMPILER_GLOBAL_ACCENT_COLOR_NAME = AccentColor;
				CODE_SIGN_STYLE = Automatic;
				CURRENT_PROJECT_VERSION = 1;
				DEVELOPMENT_TEAM = N8Q2RB8T9J;
				GENERATE_INFOPLIST_FILE = YES;
				INFOPLIST_FILE = Persistence/Info.plist;
				INFOPLIST_KEY_UIApplicationSupportsIndirectInputEvents = YES;
				INFOPLIST_KEY_UILaunchStoryboardName = LaunchScreen;
				INFOPLIST_KEY_UISupportedInterfaceOrientations_iPad = "UIInterfaceOrientationPortrait UIInterfaceOrientationPortraitUpsideDown UIInterfaceOrientationLandscapeLeft UIInterfaceOrientationLandscapeRight";
				INFOPLIST_KEY_UISupportedInterfaceOrientations_iPhone = "UIInterfaceOrientationPortrait UIInterfaceOrientationLandscapeLeft UIInterfaceOrientationLandscapeRight";
				LD_RUNPATH_SEARCH_PATHS = (
					"$(inherited)",
					"@executable_path/Frameworks",
				);
				MARKETING_VERSION = 1.0;
				PRODUCT_BUNDLE_IDENTIFIER = com.readeplunkett.Persistence;
				PRODUCT_NAME = "$(TARGET_NAME)";
				SWIFT_EMIT_LOC_STRINGS = YES;
				SWIFT_VERSION = 5.0;
				TARGETED_DEVICE_FAMILY = "1,2";
			};
			name = Release;
		};
/* End XCBuildConfiguration section */

/* Begin XCConfigurationList section */
		C85DAB9329D363640090EA17 /* Build configuration list for PBXProject "Persistence" */ = {
			isa = XCConfigurationList;
			buildConfigurations = (
				C85DABAD29D363650090EA17 /* Debug */,
				C85DABAE29D363650090EA17 /* Release */,
			);
			defaultConfigurationIsVisible = 0;
			defaultConfigurationName = Release;
		};
		C85DABAF29D363650090EA17 /* Build configuration list for PBXNativeTarget "Persistence" */ = {
			isa = XCConfigurationList;
			buildConfigurations = (
				C85DABB029D363650090EA17 /* Debug */,
				C85DABB129D363650090EA17 /* Release */,
			);
			defaultConfigurationIsVisible = 0;
			defaultConfigurationName = Release;
		};
/* End XCConfigurationList section */

/* Begin XCVersionGroup section */
		C85DABA429D363640090EA17 /* Model.xcdatamodeld */ = {
			isa = XCVersionGroup;
			children = (
				C85DABA529D363640090EA17 /* Persistence.xcdatamodel */,
			);
			currentVersion = C85DABA529D363640090EA17 /* Persistence.xcdatamodel */;
			path = Model.xcdatamodeld;
			sourceTree = "<group>";
			versionGroupType = wrapper.xcdatamodel;
		};
/* End XCVersionGroup section */
	};
	rootObject = C85DAB9029D363640090EA17 /* Project object */;
}
